
Microsoft Visual Studio Solution File, Format Version 12.00
# Visual Studio 14
VisualStudioVersion = 14.0.25420.1
MinimumVisualStudioVersion = 10.0.40219.1
Project("{9092AA53-FB77-4645-B42D-1CCCA6BD08BD}") = "GangnameCrawlerProject", "GangnameCrawlerProject.njsproj", "{1875169A-E043-404F-9231-A1D6219E605F}"
EndProject
Global
	GlobalSection(SolutionConfigurationPlatforms) = preSolution
		Debug|Any CPU = Debug|Any CPU
		Release|Any CPU = Release|Any CPU
	EndGlobalSection
	GlobalSection(ProjectConfigurationPlatforms) = postSolution
		{1875169A-E043-404F-9231-A1D6219E605F}.Debug|Any CPU.ActiveCfg = Debug|Any CPU
		{1875169A-E043-404F-9231-A1D6219E605F}.Debug|Any CPU.Build.0 = Debug|Any CPU
		{1875169A-E043-404F-9231-A1D6219E605F}.Release|Any CPU.ActiveCfg = Release|Any CPU
		{1875169A-E043-404F-9231-A1D6219E605F}.Release|Any CPU.Build.0 = Release|Any CPU
	EndGlobalSection
	GlobalSection(SolutionProperties) = preSolution
		HideSolutionNode = FALSE
	EndGlobalSection
EndGlobal
